
Microsoft Visual Studio Solution File, Format Version 12.00
# Visual Studio Version 16
VisualStudioVersion = 16.0.31019.35
MinimumVisualStudioVersion = 10.0.40219.1
Project("{FAE04EC0-301F-11D3-BF4B-00C04F79EFBC}") = "Gifter", "Gifter\Gifter.csproj", "{5AB86A0F-8E68-4CB7-BECE-7798BAF913AF}"
EndProject
Global
	GlobalSection(SolutionConfigurationPlatforms) = preSolution
		Debug|Any CPU = Debug|Any CPU
		Release|Any CPU = Release|Any CPU
	EndGlobalSection
	GlobalSection(ProjectConfigurationPlatforms) = postSolution
		{5AB86A0F-8E68-4CB7-BECE-7798BAF913AF}.Debug|Any CPU.ActiveCfg = Debug|Any CPU
		{5AB86A0F-8E68-4CB7-BECE-7798BAF913AF}.Debug|Any CPU.Build.0 = Debug|Any CPU
		{5AB86A0F-8E68-4CB7-BECE-7798BAF913AF}.Release|Any CPU.ActiveCfg = Release|Any CPU
		{5AB86A0F-8E68-4CB7-BECE-7798BAF913AF}.Release|Any CPU.Build.0 = Release|Any CPU
	EndGlobalSection
	GlobalSection(SolutionProperties) = preSolution
		HideSolutionNode = FALSE
	EndGlobalSection
	GlobalSection(ExtensibilityGlobals) = postSolution
		SolutionGuid = {48376772-C0D0-4950-BCB6-02CDAF67F0F0}
	EndGlobalSection
EndGlobal
